{
  "version": 4,
  "terraform_version": "0.12.20",
  "serial": 17,
  "lineage": "d8657175-49d5-fed0-e227-1c6178fb0102",
  "outputs": {},
  "resources": [
    {
      "mode": "managed",
      "type": "docker_container",
      "name": "mynginx",
      "provider": "provider.docker",
      "instances": [
        {
          "schema_version": 1,
          "attributes": {
            "attach": false,
            "bridge": "",
            "capabilities": [],
            "command": null,
            "container_logs": null,
            "cpu_set": null,
            "cpu_shares": null,
            "destroy_grace_seconds": null,
            "devices": [],
            "dns": null,
            "dns_opts": null,
            "dns_search": null,
            "domainname": null,
            "entrypoint": null,
            "env": null,
            "exit_code": null,
            "gateway": "172.17.0.1",
            "group_add": null,
            "healthcheck": [],
            "host": [],
            "hostname": null,
            "id": "227952f26a2a07189ef27f0c720e0ceea9538ee1cd12a094fcd7f972425fd3dc",
            "image": "sha256:51145d79e4ea1aa13261a09e75fa465cd1f376f4b5850e14afa69362619d160e",
            "ip_address": "172.17.0.5",
            "ip_prefix_length": 16,
            "ipc_mode": null,
            "labels": null,
            "links": [
              "hystrix1",
              "hystrix2"
            ],
            "log_driver": "json-file",
            "log_opts": null,
            "logs": false,
            "max_retry_count": null,
            "memory": null,
            "memory_swap": null,
            "mounts": [],
            "must_run": true,
            "name": "nginx",
            "network_alias": null,
            "network_data": [
              {
                "gateway": "172.17.0.1",
                "ip_address": "172.17.0.5",
                "ip_prefix_length": 16,
                "network_name": "bridge"
              }
            ],
            "network_mode": null,
            "networks": null,
            "networks_advanced": [],
            "pid_mode": null,
            "ports": [
              {
                "external": 8081,
                "internal": 80,
                "ip": "0.0.0.0",
                "protocol": "tcp"
              }
            ],
            "privileged": null,
            "publish_all_ports": null,
            "read_only": false,
            "restart": "no",
            "rm": false,
            "shm_size": null,
            "start": true,
            "sysctls": null,
            "tmpfs": null,
            "ulimit": [],
            "upload": [],
            "user": null,
            "userns_mode": null,
            "volumes": [],
            "working_dir": null
          },
          "private": "eyJzY2hlbWFfdmVyc2lvbiI6IjEifQ==",
          "dependencies": [
            "docker_image.mynginx"
          ]
        }
      ]
    },
    {
      "mode": "managed",
      "type": "docker_image",
      "name": "mynginx",
      "provider": "provider.docker",
      "instances": [
        {
          "schema_version": 0,
          "attributes": {
            "id": "sha256:51145d79e4ea1aa13261a09e75fa465cd1f376f4b5850e14afa69362619d160emynginx:1",
            "keep_locally": null,
            "latest": "sha256:51145d79e4ea1aa13261a09e75fa465cd1f376f4b5850e14afa69362619d160e",
            "name": "mynginx:1",
            "pull_trigger": null,
            "pull_triggers": null
          },
          "private": "bnVsbA=="
        }
      ]
    },
    {
      "mode": "managed",
      "type": "docker_image",
      "name": "nginx",
      "provider": "provider.docker",
      "instances": [
        {
          "schema_version": 0,
          "attributes": {
            "id": "sha256:881bd08c0b08234bd19136957f15e4301097f4646c1e700f7fea26e41fc40069nginx:latest",
            "keep_locally": null,
            "latest": "sha256:881bd08c0b08234bd19136957f15e4301097f4646c1e700f7fea26e41fc40069",
            "name": "nginx:latest",
            "pull_trigger": null,
            "pull_triggers": null
          }
        }
      ]
    }
  ]
}
